
Microsoft Visual Studio Solution File, Format Version 12.00
# Visual Studio 15
VisualStudioVersion = 15.0.27703.2042
MinimumVisualStudioVersion = 10.0.40219.1
Project("{888888A0-9F3D-457C-B088-3A5042F75D52}") = "kolko_i_krzyzyk", "kolko_i_krzyzyk\kolko_i_krzyzyk.pyproj", "{149D784C-2A17-4037-88B5-0D1E9E6E98E8}"
EndProject
Global
	GlobalSection(SolutionConfigurationPlatforms) = preSolution
		Debug|Any CPU = Debug|Any CPU
		Release|Any CPU = Release|Any CPU
	EndGlobalSection
	GlobalSection(ProjectConfigurationPlatforms) = postSolution
		{149D784C-2A17-4037-88B5-0D1E9E6E98E8}.Debug|Any CPU.ActiveCfg = Debug|Any CPU
		{149D784C-2A17-4037-88B5-0D1E9E6E98E8}.Release|Any CPU.ActiveCfg = Release|Any CPU
	EndGlobalSection
	GlobalSection(SolutionProperties) = preSolution
		HideSolutionNode = FALSE
	EndGlobalSection
	GlobalSection(ExtensibilityGlobals) = postSolution
		SolutionGuid = {F2A83C0D-704E-45E9-9923-49AF98890563}
	EndGlobalSection
EndGlobal
